
Microsoft Visual Studio Solution File, Format Version 12.00
# Visual Studio Version 17
VisualStudioVersion = 17.14.36623.8
MinimumVisualStudioVersion = 10.0.40219.1
Project("{FAE04EC0-301F-11D3-BF4B-00C04F79EFBC}") = "Student management system1", "Student management system1\Student management system1.csproj", "{897F00EF-491D-4DB2-B83C-D96417001405}"
EndProject
Global
	GlobalSection(SolutionConfigurationPlatforms) = preSolution
		Debug|Any CPU = Debug|Any CPU
		Release|Any CPU = Release|Any CPU
	EndGlobalSection
	GlobalSection(ProjectConfigurationPlatforms) = postSolution
		{897F00EF-491D-4DB2-B83C-D96417001405}.Debug|Any CPU.ActiveCfg = Debug|Any CPU
		{897F00EF-491D-4DB2-B83C-D96417001405}.Debug|Any CPU.Build.0 = Debug|Any CPU
		{897F00EF-491D-4DB2-B83C-D96417001405}.Release|Any CPU.ActiveCfg = Release|Any CPU
		{897F00EF-491D-4DB2-B83C-D96417001405}.Release|Any CPU.Build.0 = Release|Any CPU
	EndGlobalSection
	GlobalSection(SolutionProperties) = preSolution
		HideSolutionNode = FALSE
	EndGlobalSection
	GlobalSection(ExtensibilityGlobals) = postSolution
		SolutionGuid = {0E35496C-5712-4B4E-AAC2-740960BF8930}
	EndGlobalSection
EndGlobal
